
Microsoft Visual Studio Solution File, Format Version 12.00
# Visual Studio Version 16
VisualStudioVersion = 16.0.29911.84
MinimumVisualStudioVersion = 10.0.40219.1
Project("{00D1A9C2-B5F0-4AF3-8072-F6C62B433612}") = "DB_TerryPratchett", "DB_TerryPratchett\DB_TerryPratchett.sqlproj", "{911C23B2-3DE2-47DF-A581-89BA65112956}"
EndProject
Project("{FAE04EC0-301F-11D3-BF4B-00C04F79EFBC}") = "API_TerryPratchett", "API_TerryPratchett\API_TerryPratchett.csproj", "{DE63658A-F4AA-42BC-A284-0B96A3272DB0}"
EndProject
Global
	GlobalSection(SolutionConfigurationPlatforms) = preSolution
		Debug|Any CPU = Debug|Any CPU
		Release|Any CPU = Release|Any CPU
	EndGlobalSection
	GlobalSection(ProjectConfigurationPlatforms) = postSolution
		{911C23B2-3DE2-47DF-A581-89BA65112956}.Debug|Any CPU.ActiveCfg = Debug|Any CPU
		{911C23B2-3DE2-47DF-A581-89BA65112956}.Debug|Any CPU.Build.0 = Debug|Any CPU
		{911C23B2-3DE2-47DF-A581-89BA65112956}.Debug|Any CPU.Deploy.0 = Debug|Any CPU
		{911C23B2-3DE2-47DF-A581-89BA65112956}.Release|Any CPU.ActiveCfg = Release|Any CPU
		{911C23B2-3DE2-47DF-A581-89BA65112956}.Release|Any CPU.Build.0 = Release|Any CPU
		{911C23B2-3DE2-47DF-A581-89BA65112956}.Release|Any CPU.Deploy.0 = Release|Any CPU
		{DE63658A-F4AA-42BC-A284-0B96A3272DB0}.Debug|Any CPU.ActiveCfg = Debug|Any CPU
		{DE63658A-F4AA-42BC-A284-0B96A3272DB0}.Debug|Any CPU.Build.0 = Debug|Any CPU
		{DE63658A-F4AA-42BC-A284-0B96A3272DB0}.Release|Any CPU.ActiveCfg = Release|Any CPU
		{DE63658A-F4AA-42BC-A284-0B96A3272DB0}.Release|Any CPU.Build.0 = Release|Any CPU
	EndGlobalSection
	GlobalSection(SolutionProperties) = preSolution
		HideSolutionNode = FALSE
	EndGlobalSection
	GlobalSection(ExtensibilityGlobals) = postSolution
		SolutionGuid = {32EAF5F3-970E-4378-87B5-9D42B198A64E}
	EndGlobalSection
EndGlobal
